
Microsoft Visual Studio Solution File, Format Version 12.00
Project("{FAE04EC0-301F-11D3-BF4B-00C04F79EFBC}") = "FlightsMinimalWebApi", "FlightsMinimalWebApi\FlightsMinimalWebApi.csproj", "{DF41504F-45D6-4396-9115-5B41E3AAAF2D}"
EndProject
Project("{FAE04EC0-301F-11D3-BF4B-00C04F79EFBC}") = "DataSource", "DataSource\DataSource.csproj", "{EA60367D-F89C-4562-A300-8A431094099F}"
EndProject
Project("{FAE04EC0-301F-11D3-BF4B-00C04F79EFBC}") = "Flights.Models", "Flights.Models\Flights.Models.csproj", "{D22C5960-51B7-40BB-8A46-8F4A0FC86493}"
EndProject
Project("{FAE04EC0-301F-11D3-BF4B-00C04F79EFBC}") = "Flights.Dal", "Flights.Dal\Flights.Dal.csproj", "{19A4A337-958E-4518-9C82-89D1C4821055}"
EndProject
Project("{FAE04EC0-301F-11D3-BF4B-00C04F79EFBC}") = "Flights.Api", "Flights.Api\Flights.Api.csproj", "{166575A7-C931-4193-B446-1F76D6778E42}"
EndProject
Global
	GlobalSection(SolutionConfigurationPlatforms) = preSolution
		Debug|Any CPU = Debug|Any CPU
		Release|Any CPU = Release|Any CPU
	EndGlobalSection
	GlobalSection(ProjectConfigurationPlatforms) = postSolution
		{DF41504F-45D6-4396-9115-5B41E3AAAF2D}.Debug|Any CPU.ActiveCfg = Debug|Any CPU
		{DF41504F-45D6-4396-9115-5B41E3AAAF2D}.Debug|Any CPU.Build.0 = Debug|Any CPU
		{DF41504F-45D6-4396-9115-5B41E3AAAF2D}.Release|Any CPU.ActiveCfg = Release|Any CPU
		{DF41504F-45D6-4396-9115-5B41E3AAAF2D}.Release|Any CPU.Build.0 = Release|Any CPU
		{EA60367D-F89C-4562-A300-8A431094099F}.Debug|Any CPU.ActiveCfg = Debug|Any CPU
		{EA60367D-F89C-4562-A300-8A431094099F}.Debug|Any CPU.Build.0 = Debug|Any CPU
		{EA60367D-F89C-4562-A300-8A431094099F}.Release|Any CPU.ActiveCfg = Release|Any CPU
		{EA60367D-F89C-4562-A300-8A431094099F}.Release|Any CPU.Build.0 = Release|Any CPU
		{D22C5960-51B7-40BB-8A46-8F4A0FC86493}.Debug|Any CPU.ActiveCfg = Debug|Any CPU
		{D22C5960-51B7-40BB-8A46-8F4A0FC86493}.Debug|Any CPU.Build.0 = Debug|Any CPU
		{D22C5960-51B7-40BB-8A46-8F4A0FC86493}.Release|Any CPU.ActiveCfg = Release|Any CPU
		{D22C5960-51B7-40BB-8A46-8F4A0FC86493}.Release|Any CPU.Build.0 = Release|Any CPU
		{19A4A337-958E-4518-9C82-89D1C4821055}.Debug|Any CPU.ActiveCfg = Debug|Any CPU
		{19A4A337-958E-4518-9C82-89D1C4821055}.Debug|Any CPU.Build.0 = Debug|Any CPU
		{19A4A337-958E-4518-9C82-89D1C4821055}.Release|Any CPU.ActiveCfg = Release|Any CPU
		{19A4A337-958E-4518-9C82-89D1C4821055}.Release|Any CPU.Build.0 = Release|Any CPU
		{166575A7-C931-4193-B446-1F76D6778E42}.Debug|Any CPU.ActiveCfg = Debug|Any CPU
		{166575A7-C931-4193-B446-1F76D6778E42}.Debug|Any CPU.Build.0 = Debug|Any CPU
		{166575A7-C931-4193-B446-1F76D6778E42}.Release|Any CPU.ActiveCfg = Release|Any CPU
		{166575A7-C931-4193-B446-1F76D6778E42}.Release|Any CPU.Build.0 = Release|Any CPU
	EndGlobalSection
EndGlobal
